
Microsoft Visual Studio Solution File, Format Version 12.00
# Visual Studio Version 16
VisualStudioVersion = 16.0.30225.117
MinimumVisualStudioVersion = 10.0.40219.1
Project("{FAE04EC0-301F-11D3-BF4B-00C04F79EFBC}") = "NoteTaker", "NoteTaker\NoteTaker.csproj", "{5A351F35-DE12-49C8-B7BD-44BADBDA8378}"
EndProject
Global
	GlobalSection(SolutionConfigurationPlatforms) = preSolution
		Debug|Any CPU = Debug|Any CPU
		Release|Any CPU = Release|Any CPU
	EndGlobalSection
	GlobalSection(ProjectConfigurationPlatforms) = postSolution
		{5A351F35-DE12-49C8-B7BD-44BADBDA8378}.Debug|Any CPU.ActiveCfg = Debug|Any CPU
		{5A351F35-DE12-49C8-B7BD-44BADBDA8378}.Debug|Any CPU.Build.0 = Debug|Any CPU
		{5A351F35-DE12-49C8-B7BD-44BADBDA8378}.Release|Any CPU.ActiveCfg = Release|Any CPU
		{5A351F35-DE12-49C8-B7BD-44BADBDA8378}.Release|Any CPU.Build.0 = Release|Any CPU
	EndGlobalSection
	GlobalSection(SolutionProperties) = preSolution
		HideSolutionNode = FALSE
	EndGlobalSection
	GlobalSection(ExtensibilityGlobals) = postSolution
		SolutionGuid = {FB91A0A9-832B-48E7-BB7E-580C477B6F3C}
	EndGlobalSection
EndGlobal
